# THIS IS AN AUTOGENERATED FILE. DO NOT EDIT THIS FILE DIRECTLY.
assets/BaskervilleMTStd-Bold.eot:
  development: 2018-03-05T18:31:50-05:00   8e37158978fdd54218875f1a76513d8b
assets/BaskervilleMTStd-Bold.svg:
  development: 2018-03-19T19:39:42-04:00   5f3f0dcbbd19fa678c616fe94e577c69
assets/BaskervilleMTStd-Bold.ttf:
  development: 2018-03-05T18:31:51-05:00   38a5c9e5cc65467825d6305badeaf73a
assets/BaskervilleMTStd-Bold.woff:
  development: 2018-03-05T18:31:51-05:00   594c825d794623ee40664268429bd3b6
assets/BaskervilleMTStd-Bold.woff2:
  development: 2018-03-05T18:31:51-05:00   fa575ddf6a128a3103d618c778e99ab8
assets/BaskervilleMTStd-Italic.eot:
  development: 2018-03-05T18:31:51-05:00   ba0a5e2124db7e39f752d63ea23799db
assets/BaskervilleMTStd-Italic.svg:
  development: 2018-03-19T19:39:36-04:00   fd50616b38c6be856205929b34f4b1ca
assets/BaskervilleMTStd-Italic.ttf:
  development: 2018-03-05T18:31:51-05:00   e50ec76fe661ea04e4a51c8b18e6b8ab
assets/BaskervilleMTStd-Italic.woff:
  development: 2018-03-05T18:31:51-05:00   29839e24d5afacc7db55d0710d34e1e0
assets/BaskervilleMTStd-Italic.woff2:
  development: 2018-03-05T18:31:51-05:00   d96bc87eb8087748ae3aed7e6a0fcb6f
assets/BaskervilleMTStd-Regular.eot:
  development: 2018-03-05T18:31:52-05:00   afb97fa645f88a77fc62cb8d5187243d
assets/BaskervilleMTStd-Regular.svg:
  development: 2018-03-19T19:38:50-04:00   29fe3fbbc32db65d363c846b24876130
assets/BaskervilleMTStd-Regular.ttf:
  development: 2018-03-05T18:31:52-05:00   c95f874fa0d19caa960ee15769c5489f
assets/BaskervilleMTStd-Regular.woff:
  development: 2018-03-05T18:31:52-05:00   d04e47689835364aa0479a76f9f0b8f4
assets/BaskervilleMTStd-Regular.woff2:
  development: 2018-03-05T18:31:52-05:00   08a0ea08fb60ca91cffc100584a67f5d
assets/PW_Banner.jpg:
  development: 2018-03-05T18:31:52-05:00   3e9353d315fa5611dde65925f59f8201
assets/PW_Banner_copy.jpg:
  development: 2018-03-05T18:31:52-05:00   162691eafeae0d5e1d317c966ea93529
assets/Proxima Nova Reg.otf:
  development: 2018-03-05T18:31:52-05:00   bf9f5d50c1b928ff21436517a1a95ad9
assets/Proxima_Nova_Bold.eot:
  development: 2018-03-05T18:31:53-05:00   a05c4c9a137ae4049041ebdb3319a36b
assets/Proxima_Nova_Bold.otf:
  development: 2018-03-05T18:31:53-05:00   72b6f2c9990bd3d37b8013a59ed78902
assets/Proxima_Nova_Bold.svg:
  development: 2018-03-05T18:31:53-05:00   7cd52df072c49f3aff5ca65f50164348
assets/Proxima_Nova_Bold.ttf:
  development: 2018-03-05T18:31:53-05:00   f539222bb1d8a5932d8e02f105a42647
assets/Proxima_Nova_Bold.woff:
  development: 2018-03-05T18:31:53-05:00   47f5b038194a6b3b4eb6ce27d8982568
assets/Proxima_Nova_Reg.eot:
  development: 2018-03-05T18:31:53-05:00   a36512aefc97f9499c4f4541b5432a92
assets/Proxima_Nova_Reg.svg:
  development: 2018-03-05T18:31:53-05:00   2e4b4b1f7bdd3e93129d850c463346ec
assets/Proxima_Nova_Reg.ttf:
  development: 2018-03-05T18:31:53-05:00   bbdd015c0a78f17418d6cdd5f0ba8a45
assets/Proxima_Nova_Reg.woff:
  development: 2018-03-05T18:31:53-05:00   e29ac3209665b470858764bf135e1eee
assets/Proxima_Nova_Sbold.eot:
  development: 2018-03-05T18:31:53-05:00   55575f04c576321f39a02084d8b43012
assets/Proxima_Nova_Sbold.otf:
  development: 2018-03-05T18:31:54-05:00   f14eee643541cf03a10f26c944cc29f5
assets/Proxima_Nova_Sbold.svg:
  development: 2018-03-05T18:31:54-05:00   c6925095f2d7390d628295e83d1f13a0
assets/Proxima_Nova_Sbold.ttf:
  development: 2018-03-05T18:31:54-05:00   0e65473674216f5fc8ab3b9a46ffc377
assets/Proxima_Nova_Sbold.woff:
  development: 2018-03-05T18:31:54-05:00   0de9ad009e2c76ac2e9d71fa3a56d168
assets/ajax-loader.gif:
  development: 2018-03-05T18:31:54-05:00   deca8b0ecd6974227d157b6d7068995d
assets/arrow_icon.png:
  development: 2018-03-05T19:00:39-05:00   c72832edb9ebf1c39a6c990bca41c9b6
assets/cl_landing_white.png:
  development: 2018-03-08T17:46:53-05:00   5c89a2123c1a9b07baabd5fdafce002c
assets/cl_landing_white.svg:
  development: 2018-03-17T13:01:23-04:00   ba956b1404be1f1c6905bb2e03282042
assets/down_arrow.png:
  development: 2018-03-05T18:31:54-05:00   c2558fe2eeff8d89febd8ad8af549fcb
assets/gift-card.scss.liquid:
  development: 2018-03-05T18:31:54-05:00   4013652f514c31ced96536bd134c4bc1
assets/header_logo.png:
  development: 2018-03-17T14:48:18-04:00   4df7cd9f1b2d85a78b07925d29594492
assets/hero_slide_1.jpg:
  development: 2018-03-05T18:31:54-05:00   60c9e4042c6be8f9aaaf0b7099faa402
assets/home-background.jpg:
  development: 2018-03-05T18:31:54-05:00   1fb061d0a9ca5149d94b6602ffa61023
assets/ico-select.svg.liquid:
  development: 2018-03-05T18:31:54-05:00   9c9cc5a57cc74a0a64c2f62b1370a920
assets/icons.eot:
  development: 2018-03-05T18:31:55-05:00   a015c3a3788f89e53b77ba49d06a2e0e
assets/icons.json:
  development: 2018-03-19T19:39:09-04:00   f47a56c94393ddf79130eb877b6dfb66
assets/icons.svg:
  development: 2018-03-05T18:31:55-05:00   8101e55cf7e481cbb2991f21163f2110
assets/icons.ttf:
  development: 2018-03-05T18:31:55-05:00   7466a524fa34c095a506209206ce29ab
assets/icons.woff:
  development: 2018-03-05T18:31:56-05:00   e0d1ff7000b8ea67d6aee0df1ec7da51
assets/lazysizes.min.js:
  development: 2018-03-05T18:31:56-05:00   830660aaaf0a60b712ad5c32482ee689
assets/left_arrow.png:
  development: 2018-03-17T17:35:46-04:00   8d5d8af6dec8a252bb188eea84bc5b26
assets/logo-green.png:
  development: 2018-03-05T18:31:56-05:00   332697473adeb0002120f9b68abb1344
assets/logo.svg:
  development: 2018-03-19T19:38:47-04:00   4041ffd030bde05b5a0029163ec30e93
assets/logo_landing.png:
  development: 2018-03-05T18:31:56-05:00   4503a70324b28118173f8e77f1bb5c30
assets/logo_landing_white.png:
  development: 2018-03-05T18:31:56-05:00   8fba1d321ec16c63f0a2553529d409e8
assets/logo_portfolio.png:
  development: 2018-03-05T18:31:56-05:00   3752a7834b80e5255d724b27e26ca76b
assets/match-media.min.js:
  development: 2018-03-05T18:31:56-05:00   9e431a1a6b7a8c12af2cef5c2a1ce14f
assets/modernizr.min.js:
  development: 2018-03-05T18:31:56-05:00   2e37516b46c9a9e2f46842c42e4b6e03
assets/password-page-background.jpg:
  development: 2018-03-05T18:31:56-05:00   4d5821272f875e5c11dd3a8c8e1d6133
assets/press_img_1.jpg:
  development: 2018-03-19T19:35:05-04:00   202827ce5e6bd5e0c25f7bee7a36b58e
assets/press_img_2.jpg:
  development: 2018-03-19T19:35:01-04:00   3bd01a8de23a68162e83507fcafba5f8
assets/press_img_3.jpg:
  development: 2018-03-19T19:35:01-04:00   81b479cfc4d60b492852dee0c00a3786
assets/press_img_4.jpg:
  development: 2018-03-19T19:34:59-04:00   626b26b1cb545a84546f589a84dbc396
assets/press4-clid portfolio 7.jpg:
  development: 2018-03-20T17:38:28-04:00   cf8c48fb3014b35d90e55d195ed1dffc
assets/pressKitchen.jpg:
  development: 2018-03-20T17:45:47-04:00   f797cff17d5b202b0f1052665452f310
assets/pw.js.liquid:
  development: 2018-03-17T13:28:06-04:00   d9e7dbd3bdfe3ded40cc68a3826224d8
assets/render1 Entry.jpg:
  development: 2018-03-20T17:38:34-04:00   69026386582ddf1198973208cda9fc90
assets/render2 Master bedroom.jpg:
  development: 2018-03-20T17:38:32-04:00   cec04a0800a5befecc37f1113a31430f
assets/renderMusic room.jpg:
  development: 2018-03-20T17:38:37-04:00   cbade245ed0b94435a3528c2af0f1832
assets/respond-proxy.html:
  development: 2018-03-05T18:31:57-05:00   75002d74a330bff6bf069284da503b4c
assets/respond.min.js:
  development: 2018-03-05T18:31:57-05:00   a2684e9b8fa50d6d11c56a9ada068528
assets/right_arrow.png:
  development: 2018-03-17T17:35:07-04:00   eb8c8c8d74381261737f77c27f5764cc
assets/theme.js.liquid:
  development: 2018-03-17T17:11:44-04:00   9ec13bc49eff0e3be33a9ce11f3a4c9c
assets/theme.scss.liquid:
  development: 2018-03-21T18:08:07-04:00   99f870b81555091a6ad6e8989bdd7fbd
assets/timber.scss.liquid:
  development: 2018-03-06T19:19:44-05:00   36e67a0e77ffb26dd35502ebfd55ccc4
config/settings_data.json:
  development: 2018-03-19T19:39:48-04:00   1113e7d8f8911d563cd2f0d5c62fb045
config/settings_schema.json:
  development: 2018-03-19T19:39:45-04:00   198ddae666a0eeba66f1e94fa3a2dee3
layout/password.liquid:
  development: 2018-03-05T18:31:57-05:00   4fa2c1add4a7ab07715c702ea2a5e244
layout/theme.liquid:
  development: 2018-03-17T16:01:59-04:00   d6fd4c800bd4ed887bc071b887a426e4
locales/de.json:
  development: 2018-03-19T19:39:19-04:00   889920be55c0dc001682d61ef93c88e1
locales/en.default.json:
  development: 2018-03-19T19:39:42-04:00   7299264f581804edc5ba8a8bbef9de49
locales/es.json:
  development: 2018-03-19T19:39:07-04:00   5524e324941ca8a1982cce2512acffd1
locales/fr.json:
  development: 2018-03-19T19:39:17-04:00   3d45ce8defdc83dc1c5f67bf16157fcb
locales/ja.json:
  development: 2018-03-19T19:38:34-04:00   f3a045f2b04523c9143534f8545b93ae
locales/pt-BR.json:
  development: 2018-03-19T19:38:44-04:00   69fcc58261d23d58f8956fa8db579948
locales/pt-PT.json:
  development: 2018-03-05T18:31:58-05:00   8bd5979c51bc7c0b462aff0f1be9c8fa
sections/about-clients.liquid:
  development: 2018-03-05T18:31:49-05:00   00b3a04468df5c2f0345cf0f1e9b656f
sections/about-image.liquid:
  development: 2018-03-21T17:36:11-04:00   a3eafa2e70d212a8b896a417258e14cf
sections/about-quote.liquid:
  development: 2018-03-19T19:39:00-04:00   03e756f5b15f4a9f215b53a6055770f9
sections/about-text.liquid:
  development: 2018-03-21T17:56:08-04:00   21224c00030e513e70b1efb36acceefe
sections/advanced-content.liquid:
  development: 2018-03-05T18:31:49-05:00   4b45d54b982eb78ae6b807f7a0e3c2d8
sections/article-template.liquid:
  development: 2018-03-05T18:31:49-05:00   24b2ca76ee638a9fa807fdea8811ed13
sections/branded-overlay-b.liquid:
  development: 2018-03-17T14:31:46-04:00   b739a4063545350409b58bf69a8d8f7f
sections/branded-overlay.liquid:
  development: 2018-03-20T18:27:40-04:00   42f7e7773cff2be0f1da69202132c797
sections/collection-image-template.liquid:
  development: 2018-03-05T18:31:49-05:00   b91a956f52837a6e689a5b5743a52133
sections/collection-template.liquid:
  development: 2018-03-05T18:31:49-05:00   171d83eda7246bb7e86953ea028b8676
sections/drawer-menu.liquid:
  development: 2018-03-05T18:31:49-05:00   2b52f6998accce9ada8ea6a8702a82a6
sections/featured-collections.liquid:
  development: 2018-03-05T18:31:49-05:00   a9522b514680ee104f88c85901f047a7
sections/featured-content.liquid:
  development: 2018-03-05T18:31:49-05:00   36203423c28291f395e1072cca024e60
sections/featured-products.liquid:
  development: 2018-03-05T18:31:49-05:00   9fec56b1671133e9f6a01dec0b062ede
sections/featured-row.liquid:
  development: 2018-03-05T18:31:49-05:00   725e8579e2dea56f902ad2a4d36dc9d4
sections/featured-video.liquid:
  development: 2018-03-05T18:31:49-05:00   c79c4f9c0ae3f8dbf40b5c259dbe4534
sections/footer.liquid:
  development: 2018-03-05T18:31:49-05:00   09c4cbb15a45a2bb33e70183149c4b60
sections/header.liquid:
  development: 2018-03-19T18:36:32-04:00   53776118979ae3b2e55713faae424549
sections/instafeed.liquid:
  development: 2018-03-05T18:31:49-05:00   3823dc662ee8e83bb5add5ecb231db61
sections/list-collections-template.liquid:
  development: 2018-03-05T18:31:49-05:00   8b58818fff0f044cfd14aab15d8a526d
sections/newsletter.liquid:
  development: 2018-03-05T18:31:49-05:00   09ebeefed47e7d6d39cda59632092a95
sections/password-content.liquid:
  development: 2018-03-05T18:31:50-05:00   5a0b4a0de6cdf4b38a7ed16692f52c92
sections/password-header.liquid:
  development: 2018-03-05T18:31:50-05:00   5a5416be7d0234eb7a193645a5232357
sections/portfolio-overlay.liquid:
  development: 2018-03-05T18:31:50-05:00   f2cdfbeb4da8e8a54119b1c8e2de999d
sections/press-collage.liquid:
  development: 2018-03-20T17:47:38-04:00   5807a2e01101e11c7f557d97da66f141
sections/press-item.liquid:
  development: 2018-03-20T17:10:43-04:00   1400e5a6d1a5de2f0bc2345dfaa3e73c
sections/product-template.liquid:
  development: 2018-03-05T18:31:50-05:00   8bab2c992a50cd7502972443afe0f64c
sections/shop-header.liquid:
  development: 2018-03-05T18:31:50-05:00   b45709842513ce547b75bf2eb72039eb
sections/slideshow-home.liquid:
  development: 2018-03-05T18:31:50-05:00   4b5fb493ff67c7fc6567a0c14bd42323
sections/slideshow-landing-b.liquid:
  development: 2018-03-17T14:19:06-04:00   232ce6ebb8c9e301b0bd5f8eefc5c224
sections/slideshow-landing.liquid:
  development: 2018-03-17T13:28:40-04:00   489a224b61086a89954c9bf1e409c5cd
sections/slideshow-portfolio.liquid:
  development: 2018-03-20T16:53:46-04:00   33f4dc9d780435cfefbcc727669301cd
sections/slideshow.liquid:
  development: 2018-03-05T18:31:50-05:00   067200157bb1061b2dca1e72014738ab
snippets/ajax-cart-template.liquid:
  development: 2018-03-05T18:31:58-05:00   a12ad20ccc9ef7b2516fe7941c51dba8
snippets/bgset.liquid:
  development: 2018-03-05T18:31:58-05:00   33148dfd129ac7339b20fa9792a6bf85
snippets/collection-grid-collage.liquid:
  development: 2018-03-05T18:31:58-05:00   bba8796945ca96e0d0518d046f15d4ce
snippets/collection-grid-item.liquid:
  development: 2018-03-05T18:31:58-05:00   ee5beb448997d2a0c6aea228afd4ca9e
snippets/collection-template.liquid:
  development: 2018-03-05T18:31:58-05:00   b3d513defc60b3586f7951755f74f953
snippets/comment.liquid:
  development: 2018-03-05T18:31:58-05:00   490bf7370ece4d0217f9c229aefd5880
snippets/google-fonts.liquid:
  development: 2018-03-05T18:31:58-05:00   8e40cfa27425f9a5b955b747e1edee96
snippets/header-resources.liquid:
  development: 2018-03-05T18:31:58-05:00   0bd3bb39326abbdd3476af9bd7f317ae
snippets/image-style.liquid:
  development: 2018-03-05T18:31:58-05:00   8c50291b1de61b727b4dd13143797229
snippets/oldIE-js.liquid:
  development: 2018-03-05T18:31:58-05:00   daf28c8834122dcaf976369fdf48323a
snippets/onboarding-featured-collections.liquid:
  development: 2018-03-05T18:31:58-05:00   2feedbf8631dfc0d5fb6e251d52582d4
snippets/onboarding-featured-products.liquid:
  development: 2018-03-19T19:38:58-04:00   4f249e3a12c79ae3aa47d3974fccd84c
snippets/pagination.liquid:
  development: 2018-03-05T18:31:58-05:00   be71f800a26c2d5c8c8075748dbfa65c
snippets/product-grid-collage.liquid:
  development: 2018-03-05T18:31:58-05:00   4abdc9f608a23b5c0ab9d2581e08a060
snippets/product-grid-item.liquid:
  development: 2018-03-05T18:31:58-05:00   e7bcb0c2ba9778695f5bcee05a70405d
snippets/respond.liquid:
  development: 2018-03-05T18:31:58-05:00   ca6abf0635dc2ad8c6bd377f83c79f6b
snippets/search-bar.liquid:
  development: 2018-03-05T18:31:58-05:00   09c97d1e453c835a8a5568a70d690883
snippets/social-meta-tags.liquid:
  development: 2018-03-05T18:31:58-05:00   0a012eb5113b6a710e09fe77babe8030
snippets/social-sharing.liquid:
  development: 2018-03-05T18:31:58-05:00   18ac2e8c5a3e27245016548be6ec6275
snippets/svg-definitions.liquid:
  development: 2018-03-19T19:39:42-04:00   fe4fbc64d534e355fd8653de4ebac79a
snippets/tags-article.liquid:
  development: 2018-03-05T18:31:59-05:00   e7976dc4c68590a9f1ee7276f99559ac
templates/404.liquid:
  development: 2018-03-05T18:31:59-05:00   f1181b55ee89b4ad79ae81d244761cd2
templates/article.liquid:
  development: 2018-03-05T18:31:59-05:00   9763e9f309642903282720d29b422aaf
templates/blog.liquid:
  development: 2018-03-05T18:31:59-05:00   50b3d8b903089de17f09e4d922aa838d
templates/cart.liquid:
  development: 2018-03-05T18:31:59-05:00   1c6ea4a78c98cce54dcd1f2b9447c75a
templates/collection.image.liquid:
  development: 2018-03-05T18:31:59-05:00   cd9a9b1849d65ca4311d6f793008812f
templates/collection.liquid:
  development: 2018-03-05T18:31:59-05:00   3f577c5eaf7fab7e9688fd84e5d99db0
templates/customers/account.liquid:
  development: 2018-03-05T18:31:59-05:00   6169bc13701d2a2f4cbe9735b86ab10c
templates/customers/activate_account.liquid:
  development: 2018-03-05T18:31:59-05:00   a569b8be750f47edddc82ffc62b847ac
templates/customers/addresses.liquid:
  development: 2018-03-05T18:31:59-05:00   839b36f77b40b0fa025bb6655f1ff583
templates/customers/login.liquid:
  development: 2018-03-05T18:31:59-05:00   5fea701d036da687b6b1f1e28babb7bc
templates/customers/order.liquid:
  development: 2018-03-05T18:31:59-05:00   1032e0a120d52510b369173cf2bb9fa8
templates/customers/register.liquid:
  development: 2018-03-05T18:31:59-05:00   3205d912f62cb0f866d974d5f2e22b37
templates/customers/reset_password.liquid:
  development: 2018-03-05T18:31:59-05:00   bd78871a9d2e373575659c6f9f68aa9b
templates/gift_card.liquid:
  development: 2018-03-05T18:31:59-05:00   e1a7ff0eff7d6dcc55dedda51a1686cc
templates/index.liquid:
  development: 2018-03-05T18:31:59-05:00   8f437689fb66afe5de27cd399fab5bc3
templates/list-collections.liquid:
  development: 2018-03-05T18:31:59-05:00   eabed71f62563b929b8da83a4aeacbfb
templates/page.about.liquid:
  development: 2018-03-21T17:59:30-04:00   6a8e7ff6cd48f5874e81258f06ced7e6
templates/page.contact.liquid:
  development: 2018-03-05T18:31:59-05:00   b31a760236911163d10b4a663a76c59d
templates/page.full-width.liquid:
  development: 2018-03-05T18:31:59-05:00   f21db2cc6691ac1165c7a07ff8bc11cb
templates/page.home.liquid:
  development: 2018-03-05T18:31:59-05:00   700ee187ff40e34b36c1ddf1072310c1
templates/page.landing-b.liquid:
  development: 2018-03-17T14:18:40-04:00   273416c350f957aacfd3f77a85cfdfe1
templates/page.liquid:
  development: 2018-03-05T18:31:59-05:00   3c1c3fb627419cc73d4cd19b32898d5e
templates/page.portfolio.liquid:
  development: 2018-03-17T16:02:16-04:00   3c5d1de6e377b60e6f39f1219cfe9b62
templates/page.press.liquid:
  development: 2018-03-19T19:09:53-04:00   4f29d2cba272193d2b6ffb8e38e49955
templates/password.liquid:
  development: 2018-03-05T18:32:00-05:00   27c20529a5fa11780bc067f4f5c7cc9d
templates/product.liquid:
  development: 2018-03-05T18:32:00-05:00   a9333e830a61d1cf59a8c757c9ccb08c
templates/search.liquid:
  development: 2018-03-05T18:32:00-05:00   5b5ec843550466c7a2c965e0b1c8dbc0
